
Microsoft Visual Studio Solution File, Format Version 12.00
# Visual Studio Version 16
VisualStudioVersion = 16.0.30804.86
MinimumVisualStudioVersion = 10.0.40219.1
Project("{FAE04EC0-301F-11D3-BF4B-00C04F79EFBC}") = "DotNetExtract", "DotNetExtract\DotNetExtract.csproj", "{D875C466-1AE8-42B8-818C-6B6635CA07EC}"
EndProject
Global
	GlobalSection(SolutionConfigurationPlatforms) = preSolution
		Debug|Any CPU = Debug|Any CPU
		Release|Any CPU = Release|Any CPU
	EndGlobalSection
	GlobalSection(ProjectConfigurationPlatforms) = postSolution
		{D875C466-1AE8-42B8-818C-6B6635CA07EC}.Debug|Any CPU.ActiveCfg = Debug|Any CPU
		{D875C466-1AE8-42B8-818C-6B6635CA07EC}.Debug|Any CPU.Build.0 = Debug|Any CPU
		{D875C466-1AE8-42B8-818C-6B6635CA07EC}.Release|Any CPU.ActiveCfg = Release|Any CPU
		{D875C466-1AE8-42B8-818C-6B6635CA07EC}.Release|Any CPU.Build.0 = Release|Any CPU
	EndGlobalSection
	GlobalSection(SolutionProperties) = preSolution
		HideSolutionNode = FALSE
	EndGlobalSection
	GlobalSection(ExtensibilityGlobals) = postSolution
		SolutionGuid = {81E8C90A-D111-4758-90DB-EEEBC585FB57}
	EndGlobalSection
EndGlobal
